
Microsoft Visual Studio Solution File, Format Version 12.00
# Visual Studio 14
VisualStudioVersion = 14.0.24720.0
MinimumVisualStudioVersion = 10.0.40219.1
Project("{FAE04EC0-301F-11D3-BF4B-00C04F79EFBC}") = "EMS", "EMS\EMS.csproj", "{4209CA37-AEA3-4A3F-9CA3-5246B3E9B23C}"
EndProject
Project("{2150E333-8FDC-42A3-9474-1A3956D46DE8}") = "Business", "Business", "{CCB4C36F-FFE0-4A75-B944-2F2408034217}"
EndProject
Project("{2150E333-8FDC-42A3-9474-1A3956D46DE8}") = "Common", "Common", "{4ED8D1DA-2555-495F-828C-19B1C88790DC}"
EndProject
Project("{2150E333-8FDC-42A3-9474-1A3956D46DE8}") = "Data", "Data", "{78D33BAB-3BE5-44D0-9C5C-07E7BFF5D308}"
EndProject
Project("{2150E333-8FDC-42A3-9474-1A3956D46DE8}") = "UI", "UI", "{1D1F75CB-FF21-4D33-8C78-425DE6B91B39}"
EndProject
Project("{FAE04EC0-301F-11D3-BF4B-00C04F79EFBC}") = "EMS.Services", "EMS.Services\EMS.Services.csproj", "{C1FF662A-9AB0-4496-BC2F-78B7171BCA20}"
EndProject
Project("{FAE04EC0-301F-11D3-BF4B-00C04F79EFBC}") = "EMS.DI", "EMS.DI\EMS.DI.csproj", "{DD14A7F4-2ED7-4A3D-91C3-5154C013A60A}"
EndProject
Project("{FAE04EC0-301F-11D3-BF4B-00C04F79EFBC}") = "EMS.Util", "EMS.Util\EMS.Util.csproj", "{F4D446B7-C7EF-4D05-B5CB-2ADA67C2F23A}"
EndProject
Project("{FAE04EC0-301F-11D3-BF4B-00C04F79EFBC}") = "EMS.Jobs", "EMS.Jobs\EMS.Jobs.csproj", "{D5D52814-9E1D-4E5C-8497-48C9F195C76C}"
EndProject
Project("{FAE04EC0-301F-11D3-BF4B-00C04F79EFBC}") = "EMS.Domain", "EMS.Domain\EMS.Domain.csproj", "{7397022D-9764-437B-93AF-92F51BDCE7E9}"
EndProject
Project("{FAE04EC0-301F-11D3-BF4B-00C04F79EFBC}") = "EMS.Repositories", "EMS.Repositories\EMS.Repositories.csproj", "{231B6363-10DC-46C6-8A0C-96C686367618}"
EndProject
Global
	GlobalSection(SolutionConfigurationPlatforms) = preSolution
		Debug|Any CPU = Debug|Any CPU
		Release|Any CPU = Release|Any CPU
	EndGlobalSection
	GlobalSection(ProjectConfigurationPlatforms) = postSolution
		{4209CA37-AEA3-4A3F-9CA3-5246B3E9B23C}.Debug|Any CPU.ActiveCfg = Debug|Any CPU
		{4209CA37-AEA3-4A3F-9CA3-5246B3E9B23C}.Debug|Any CPU.Build.0 = Debug|Any CPU
		{4209CA37-AEA3-4A3F-9CA3-5246B3E9B23C}.Release|Any CPU.ActiveCfg = Release|Any CPU
		{4209CA37-AEA3-4A3F-9CA3-5246B3E9B23C}.Release|Any CPU.Build.0 = Release|Any CPU
		{C1FF662A-9AB0-4496-BC2F-78B7171BCA20}.Debug|Any CPU.ActiveCfg = Debug|Any CPU
		{C1FF662A-9AB0-4496-BC2F-78B7171BCA20}.Debug|Any CPU.Build.0 = Debug|Any CPU
		{C1FF662A-9AB0-4496-BC2F-78B7171BCA20}.Release|Any CPU.ActiveCfg = Release|Any CPU
		{C1FF662A-9AB0-4496-BC2F-78B7171BCA20}.Release|Any CPU.Build.0 = Release|Any CPU
		{DD14A7F4-2ED7-4A3D-91C3-5154C013A60A}.Debug|Any CPU.ActiveCfg = Debug|Any CPU
		{DD14A7F4-2ED7-4A3D-91C3-5154C013A60A}.Debug|Any CPU.Build.0 = Debug|Any CPU
		{DD14A7F4-2ED7-4A3D-91C3-5154C013A60A}.Release|Any CPU.ActiveCfg = Release|Any CPU
		{DD14A7F4-2ED7-4A3D-91C3-5154C013A60A}.Release|Any CPU.Build.0 = Release|Any CPU
		{F4D446B7-C7EF-4D05-B5CB-2ADA67C2F23A}.Debug|Any CPU.ActiveCfg = Debug|Any CPU
		{F4D446B7-C7EF-4D05-B5CB-2ADA67C2F23A}.Debug|Any CPU.Build.0 = Debug|Any CPU
		{F4D446B7-C7EF-4D05-B5CB-2ADA67C2F23A}.Release|Any CPU.ActiveCfg = Release|Any CPU
		{F4D446B7-C7EF-4D05-B5CB-2ADA67C2F23A}.Release|Any CPU.Build.0 = Release|Any CPU
		{D5D52814-9E1D-4E5C-8497-48C9F195C76C}.Debug|Any CPU.ActiveCfg = Debug|Any CPU
		{D5D52814-9E1D-4E5C-8497-48C9F195C76C}.Debug|Any CPU.Build.0 = Debug|Any CPU
		{D5D52814-9E1D-4E5C-8497-48C9F195C76C}.Release|Any CPU.ActiveCfg = Release|Any CPU
		{D5D52814-9E1D-4E5C-8497-48C9F195C76C}.Release|Any CPU.Build.0 = Release|Any CPU
		{7397022D-9764-437B-93AF-92F51BDCE7E9}.Debug|Any CPU.ActiveCfg = Debug|Any CPU
		{7397022D-9764-437B-93AF-92F51BDCE7E9}.Debug|Any CPU.Build.0 = Debug|Any CPU
		{7397022D-9764-437B-93AF-92F51BDCE7E9}.Release|Any CPU.ActiveCfg = Release|Any CPU
		{7397022D-9764-437B-93AF-92F51BDCE7E9}.Release|Any CPU.Build.0 = Release|Any CPU
		{231B6363-10DC-46C6-8A0C-96C686367618}.Debug|Any CPU.ActiveCfg = Debug|Any CPU
		{231B6363-10DC-46C6-8A0C-96C686367618}.Debug|Any CPU.Build.0 = Debug|Any CPU
		{231B6363-10DC-46C6-8A0C-96C686367618}.Release|Any CPU.ActiveCfg = Release|Any CPU
		{231B6363-10DC-46C6-8A0C-96C686367618}.Release|Any CPU.Build.0 = Release|Any CPU
	EndGlobalSection
	GlobalSection(SolutionProperties) = preSolution
		HideSolutionNode = FALSE
	EndGlobalSection
	GlobalSection(NestedProjects) = preSolution
		{4209CA37-AEA3-4A3F-9CA3-5246B3E9B23C} = {1D1F75CB-FF21-4D33-8C78-425DE6B91B39}
		{C1FF662A-9AB0-4496-BC2F-78B7171BCA20} = {CCB4C36F-FFE0-4A75-B944-2F2408034217}
		{DD14A7F4-2ED7-4A3D-91C3-5154C013A60A} = {4ED8D1DA-2555-495F-828C-19B1C88790DC}
		{F4D446B7-C7EF-4D05-B5CB-2ADA67C2F23A} = {4ED8D1DA-2555-495F-828C-19B1C88790DC}
		{D5D52814-9E1D-4E5C-8497-48C9F195C76C} = {4ED8D1DA-2555-495F-828C-19B1C88790DC}
		{7397022D-9764-437B-93AF-92F51BDCE7E9} = {78D33BAB-3BE5-44D0-9C5C-07E7BFF5D308}
		{231B6363-10DC-46C6-8A0C-96C686367618} = {78D33BAB-3BE5-44D0-9C5C-07E7BFF5D308}
	EndGlobalSection
EndGlobal
